{
	"version": "3",
	"packages": {
		"specifiers": {
			"jsr:@hono/hono": "jsr:@hono/hono@4.5.0",
			"npm:@asteasolutions/zod-to-openapi@7.1.1": "npm:@asteasolutions/zod-to-openapi@7.1.1_zod@3.23.8",
			"npm:@cloudflare/workers-types": "npm:@cloudflare/workers-types@4.20240712.0",
			"npm:@types/node": "npm:@types/node@18.16.19",
			"npm:esbuild-plugins-node-modules-polyfill@1.6.4": "npm:esbuild-plugins-node-modules-polyfill@1.6.4_esbuild@0.20.2",
			"npm:esbuild@0.20.2": "npm:esbuild@0.20.2",
			"npm:typescript-json-schema@0.62.0": "npm:typescript-json-schema@0.62.0_@types+node@18.16.19_typescript@5.1.6",
			"npm:zod": "npm:zod@3.23.8",
			"npm:zod-validation-error@3.3.0": "npm:zod-validation-error@3.3.0_zod@3.23.8",
			"npm:zod@3.23.8": "npm:zod@3.23.8"
		},
		"jsr": {
			"@hono/hono@4.5.0": {
				"integrity": "4a410f7773ac4b5b0eb4520b26c7ab7795a271d57a9df7fa1953ded6b90ccaf7"
			}
		},
		"npm": {
			"@asteasolutions/zod-to-openapi@7.1.1_zod@3.23.8": {
				"integrity": "sha512-lF0d1gAc0lYLO9/BAGivwTwE2Sh9h6CHuDcbk5KnGBfIuAsAkDC+Fdat4dkQY3CS/zUWKHRmFEma0B7X132Ymw==",
				"dependencies": {
					"openapi3-ts": "openapi3-ts@4.3.3",
					"zod": "zod@3.23.8"
				}
			},
			"@cloudflare/workers-types@4.20240712.0": {
				"integrity": "sha512-C+C0ZnkRrxR2tPkZKAXwBsWEse7bWaA7iMbaG6IKaxaPTo/5ilx7Ei3BkI2izxmOJMsC05VS1eFUf95urXzhmw==",
				"dependencies": {}
			},
			"@cspotcode/source-map-support@0.8.1": {
				"integrity": "sha512-IchNf6dN4tHoMFIn/7OE8LWZ19Y6q/67Bmf6vnGREv8RSbBVb9LPJxEcnwrcwX6ixSvaiGoomAUvu4YSxXrVgw==",
				"dependencies": {
					"@jridgewell/trace-mapping": "@jridgewell/trace-mapping@0.3.9"
				}
			},
			"@esbuild/aix-ppc64@0.20.2": {
				"integrity": "sha512-D+EBOJHXdNZcLJRBkhENNG8Wji2kgc9AZ9KiPr1JuZjsNtyHzrsfLRrY0tk2H2aoFu6RANO1y1iPPUCDYWkb5g==",
				"dependencies": {}
			},
			"@esbuild/android-arm64@0.20.2": {
				"integrity": "sha512-mRzjLacRtl/tWU0SvD8lUEwb61yP9cqQo6noDZP/O8VkwafSYwZ4yWy24kan8jE/IMERpYncRt2dw438LP3Xmg==",
				"dependencies": {}
			},
			"@esbuild/android-arm@0.20.2": {
				"integrity": "sha512-t98Ra6pw2VaDhqNWO2Oph2LXbz/EJcnLmKLGBJwEwXX/JAN83Fym1rU8l0JUWK6HkIbWONCSSatf4sf2NBRx/w==",
				"dependencies": {}
			},
			"@esbuild/android-x64@0.20.2": {
				"integrity": "sha512-btzExgV+/lMGDDa194CcUQm53ncxzeBrWJcncOBxuC6ndBkKxnHdFJn86mCIgTELsooUmwUm9FkhSp5HYu00Rg==",
				"dependencies": {}
			},
			"@esbuild/darwin-arm64@0.20.2": {
				"integrity": "sha512-4J6IRT+10J3aJH3l1yzEg9y3wkTDgDk7TSDFX+wKFiWjqWp/iCfLIYzGyasx9l0SAFPT1HwSCR+0w/h1ES/MjA==",
				"dependencies": {}
			},
			"@esbuild/darwin-x64@0.20.2": {
				"integrity": "sha512-tBcXp9KNphnNH0dfhv8KYkZhjc+H3XBkF5DKtswJblV7KlT9EI2+jeA8DgBjp908WEuYll6pF+UStUCfEpdysA==",
				"dependencies": {}
			},
			"@esbuild/freebsd-arm64@0.20.2": {
				"integrity": "sha512-d3qI41G4SuLiCGCFGUrKsSeTXyWG6yem1KcGZVS+3FYlYhtNoNgYrWcvkOoaqMhwXSMrZRl69ArHsGJ9mYdbbw==",
				"dependencies": {}
			},
			"@esbuild/freebsd-x64@0.20.2": {
				"integrity": "sha512-d+DipyvHRuqEeM5zDivKV1KuXn9WeRX6vqSqIDgwIfPQtwMP4jaDsQsDncjTDDsExT4lR/91OLjRo8bmC1e+Cw==",
				"dependencies": {}
			},
			"@esbuild/linux-arm64@0.20.2": {
				"integrity": "sha512-9pb6rBjGvTFNira2FLIWqDk/uaf42sSyLE8j1rnUpuzsODBq7FvpwHYZxQ/It/8b+QOS1RYfqgGFNLRI+qlq2A==",
				"dependencies": {}
			},
			"@esbuild/linux-arm@0.20.2": {
				"integrity": "sha512-VhLPeR8HTMPccbuWWcEUD1Az68TqaTYyj6nfE4QByZIQEQVWBB8vup8PpR7y1QHL3CpcF6xd5WVBU/+SBEvGTg==",
				"dependencies": {}
			},
			"@esbuild/linux-ia32@0.20.2": {
				"integrity": "sha512-o10utieEkNPFDZFQm9CoP7Tvb33UutoJqg3qKf1PWVeeJhJw0Q347PxMvBgVVFgouYLGIhFYG0UGdBumROyiig==",
				"dependencies": {}
			},
			"@esbuild/linux-loong64@0.20.2": {
				"integrity": "sha512-PR7sp6R/UC4CFVomVINKJ80pMFlfDfMQMYynX7t1tNTeivQ6XdX5r2XovMmha/VjR1YN/HgHWsVcTRIMkymrgQ==",
				"dependencies": {}
			},
			"@esbuild/linux-mips64el@0.20.2": {
				"integrity": "sha512-4BlTqeutE/KnOiTG5Y6Sb/Hw6hsBOZapOVF6njAESHInhlQAghVVZL1ZpIctBOoTFbQyGW+LsVYZ8lSSB3wkjA==",
				"dependencies": {}
			},
			"@esbuild/linux-ppc64@0.20.2": {
				"integrity": "sha512-rD3KsaDprDcfajSKdn25ooz5J5/fWBylaaXkuotBDGnMnDP1Uv5DLAN/45qfnf3JDYyJv/ytGHQaziHUdyzaAg==",
				"dependencies": {}
			},
			"@esbuild/linux-riscv64@0.20.2": {
				"integrity": "sha512-snwmBKacKmwTMmhLlz/3aH1Q9T8v45bKYGE3j26TsaOVtjIag4wLfWSiZykXzXuE1kbCE+zJRmwp+ZbIHinnVg==",
				"dependencies": {}
			},
			"@esbuild/linux-s390x@0.20.2": {
				"integrity": "sha512-wcWISOobRWNm3cezm5HOZcYz1sKoHLd8VL1dl309DiixxVFoFe/o8HnwuIwn6sXre88Nwj+VwZUvJf4AFxkyrQ==",
				"dependencies": {}
			},
			"@esbuild/linux-x64@0.20.2": {
				"integrity": "sha512-1MdwI6OOTsfQfek8sLwgyjOXAu+wKhLEoaOLTjbijk6E2WONYpH9ZU2mNtR+lZ2B4uwr+usqGuVfFT9tMtGvGw==",
				"dependencies": {}
			},
			"@esbuild/netbsd-x64@0.20.2": {
				"integrity": "sha512-K8/DhBxcVQkzYc43yJXDSyjlFeHQJBiowJ0uVL6Tor3jGQfSGHNNJcWxNbOI8v5k82prYqzPuwkzHt3J1T1iZQ==",
				"dependencies": {}
			},
			"@esbuild/openbsd-x64@0.20.2": {
				"integrity": "sha512-eMpKlV0SThJmmJgiVyN9jTPJ2VBPquf6Kt/nAoo6DgHAoN57K15ZghiHaMvqjCye/uU4X5u3YSMgVBI1h3vKrQ==",
				"dependencies": {}
			},
			"@esbuild/sunos-x64@0.20.2": {
				"integrity": "sha512-2UyFtRC6cXLyejf/YEld4Hajo7UHILetzE1vsRcGL3earZEW77JxrFjH4Ez2qaTiEfMgAXxfAZCm1fvM/G/o8w==",
				"dependencies": {}
			},
			"@esbuild/win32-arm64@0.20.2": {
				"integrity": "sha512-GRibxoawM9ZCnDxnP3usoUDO9vUkpAxIIZ6GQI+IlVmr5kP3zUq+l17xELTHMWTWzjxa2guPNyrpq1GWmPvcGQ==",
				"dependencies": {}
			},
			"@esbuild/win32-ia32@0.20.2": {
				"integrity": "sha512-HfLOfn9YWmkSKRQqovpnITazdtquEW8/SoHW7pWpuEeguaZI4QnCRW6b+oZTztdBnZOS2hqJ6im/D5cPzBTTlQ==",
				"dependencies": {}
			},
			"@esbuild/win32-x64@0.20.2": {
				"integrity": "sha512-N49X4lJX27+l9jbLKSqZ6bKNjzQvHaT8IIFUy+YIqmXQdjYCToGWwOItDrfby14c78aDd5NHQl29xingXfCdLQ==",
				"dependencies": {}
			},
			"@jridgewell/resolve-uri@3.1.2": {
				"integrity": "sha512-bRISgCIjP20/tbWSPWMEi54QVPRZExkuD9lJL+UIxUKtwVJA8wW1Trb1jMs1RFXo1CBTNZ/5hpC9QvmKWdopKw==",
				"dependencies": {}
			},
			"@jridgewell/sourcemap-codec@1.5.0": {
				"integrity": "sha512-gv3ZRaISU3fjPAgNsriBRqGWQL6quFx04YMPW/zD8XMLsU32mhCCbfbO6KZFLjvYpCZ8zyDEgqsgf+PwPaM7GQ==",
				"dependencies": {}
			},
			"@jridgewell/trace-mapping@0.3.9": {
				"integrity": "sha512-3Belt6tdc8bPgAtbcmdtNJlirVoTmEb5e2gC94PnkwEW9jI6CAHUeoG85tjWP5WquqfavoMtMwiG4P926ZKKuQ==",
				"dependencies": {
					"@jridgewell/resolve-uri": "@jridgewell/resolve-uri@3.1.2",
					"@jridgewell/sourcemap-codec": "@jridgewell/sourcemap-codec@1.5.0"
				}
			},
			"@jspm/core@2.0.1": {
				"integrity": "sha512-Lg3PnLp0QXpxwLIAuuJboLeRaIhrgJjeuh797QADg3xz8wGLugQOS5DpsE8A6i6Adgzf+bacllkKZG3J0tGfDw==",
				"dependencies": {}
			},
			"@tsconfig/node10@1.0.11": {
				"integrity": "sha512-DcRjDCujK/kCk/cUe8Xz8ZSpm8mS3mNNpta+jGCA6USEDfktlNvm1+IuZ9eTcDbNk41BHwpHHeW+N1lKCz4zOw==",
				"dependencies": {}
			},
			"@tsconfig/node12@1.0.11": {
				"integrity": "sha512-cqefuRsh12pWyGsIoBKJA9luFu3mRxCA+ORZvA4ktLSzIuCUtWVxGIuXigEwO5/ywWFMZ2QEGKWvkZG1zDMTag==",
				"dependencies": {}
			},
			"@tsconfig/node14@1.0.3": {
				"integrity": "sha512-ysT8mhdixWK6Hw3i1V2AeRqZ5WfXg1G43mqoYlM2nc6388Fq5jcXyr5mRsqViLx/GJYdoL0bfXD8nmF+Zn/Iow==",
				"dependencies": {}
			},
			"@tsconfig/node16@1.0.4": {
				"integrity": "sha512-vxhUy4J8lyeyinH7Azl1pdd43GJhZH/tP2weN8TntQblOY+A0XbT8DJk1/oCPuOOyg/Ja757rG0CgHcWC8OfMA==",
				"dependencies": {}
			},
			"@types/json-schema@7.0.15": {
				"integrity": "sha512-5+fP8P8MFNC+AyZCDxrB2pkZFPGzqQWUzpSeuuVLvm8VMcorNYavBqoFcxK8bQz4Qsbn4oUEEem4wDLfcysGHA==",
				"dependencies": {}
			},
			"@types/node@16.18.101": {
				"integrity": "sha512-AAsx9Rgz2IzG8KJ6tXd6ndNkVcu+GYB6U/SnFAaokSPNx2N7dcIIfnighYUNumvj6YS2q39Dejz5tT0NCV7CWA==",
				"dependencies": {}
			},
			"@types/node@18.16.19": {
				"integrity": "sha512-IXl7o+R9iti9eBW4Wg2hx1xQDig183jj7YLn8F7udNceyfkbn1ZxmzZXuak20gR40D7pIkIY1kYGx5VIGbaHKA==",
				"dependencies": {}
			},
			"acorn-walk@8.3.3": {
				"integrity": "sha512-MxXdReSRhGO7VlFe1bRG/oI7/mdLV9B9JJT0N8vZOhF7gFRR5l3M8W9G8JxmKV+JC5mGqJ0QvqfSOLsCPa4nUw==",
				"dependencies": {
					"acorn": "acorn@8.12.1"
				}
			},
			"acorn@8.12.1": {
				"integrity": "sha512-tcpGyI9zbizT9JbV6oYE477V6mTlXvvi0T0G3SNIYE2apm/G5huBa1+K89VGeovbg+jycCrfhl3ADxErOuO6Jg==",
				"dependencies": {}
			},
			"ansi-regex@5.0.1": {
				"integrity": "sha512-quJQXlTSUGL2LH9SUXo8VwsY4soanhgo6LNSm84E1LBcE8s3O0wpdiRzyR9z/ZZJMlMWv37qOOb9pdJlMUEKFQ==",
				"dependencies": {}
			},
			"ansi-styles@4.3.0": {
				"integrity": "sha512-zbB9rCJAT1rbjiVDb2hqKFHNYLxgtk8NURxZ3IZwD3F6NtxbXZQCnnSi1Lkx+IDohdPlFp222wVALIheZJQSEg==",
				"dependencies": {
					"color-convert": "color-convert@2.0.1"
				}
			},
			"arg@4.1.3": {
				"integrity": "sha512-58S9QDqG0Xx27YwPSt9fJxivjYl432YCwfDMfZ+71RAqUrZef7LrKQZ3LHLOwCS4FLNBplP533Zx895SeOCHvA==",
				"dependencies": {}
			},
			"balanced-match@1.0.2": {
				"integrity": "sha512-3oSeUO0TMV67hN1AmbXsK4yaqU7tjiHlbxRDZOpH0KW9+CeX4bRAaX0Anxt0tx2MrpRpWwQaPwIlISEJhYU5Pw==",
				"dependencies": {}
			},
			"brace-expansion@1.1.11": {
				"integrity": "sha512-iCuPHDFgrHX7H2vEI/5xpz07zSHB00TpugqhmYtVmMO6518mCuRMoOYFldEBl0g187ufozdaHgWKcYFb61qGiA==",
				"dependencies": {
					"balanced-match": "balanced-match@1.0.2",
					"concat-map": "concat-map@0.0.1"
				}
			},
			"cliui@8.0.1": {
				"integrity": "sha512-BSeNnyus75C4//NQ9gQt1/csTXyo/8Sb+afLAkzAptFuMsod9HFokGNudZpi/oQV73hnVK+sR+5PVRMd+Dr7YQ==",
				"dependencies": {
					"string-width": "string-width@4.2.3",
					"strip-ansi": "strip-ansi@6.0.1",
					"wrap-ansi": "wrap-ansi@7.0.0"
				}
			},
			"color-convert@2.0.1": {
				"integrity": "sha512-RRECPsj7iu/xb5oKYcsFHSppFNnsj/52OVTRKb4zP5onXwVF3zVmmToNcOfGC+CRDpfK/U584fMg38ZHCaElKQ==",
				"dependencies": {
					"color-name": "color-name@1.1.4"
				}
			},
			"color-name@1.1.4": {
				"integrity": "sha512-dOy+3AuW3a2wNbZHIuMZpTcgjGuLU/uBL/ubcZF9OXbDo8ff4O8yVp5Bf0efS8uEoYo5q4Fx7dY9OgQGXgAsQA==",
				"dependencies": {}
			},
			"concat-map@0.0.1": {
				"integrity": "sha512-/Srv4dswyQNBfohGpz9o6Yb3Gz3SrUDqBH5rTuhGR7ahtlbYKnVxw2bCFMRljaA7EXHaXZ8wsHdodFvbkhKmqg==",
				"dependencies": {}
			},
			"confbox@0.1.7": {
				"integrity": "sha512-uJcB/FKZtBMCJpK8MQji6bJHgu1tixKPxRLeGkNzBoOZzpnZUJm0jm2/sBDWcuBx1dYgxV4JU+g5hmNxCyAmdA==",
				"dependencies": {}
			},
			"create-require@1.1.1": {
				"integrity": "sha512-dcKFX3jn0MpIaXjisoRvexIJVEKzaq7z2rZKxf+MSr9TkdmHmsU4m2lcLojrj/FHl8mk5VxMmYA+ftRkP/3oKQ==",
				"dependencies": {}
			},
			"diff@4.0.2": {
				"integrity": "sha512-58lmxKSA4BNyLz+HHMUzlOEpg09FV+ev6ZMe3vJihgdxzgcwZ8VoEEPmALCZG9LmqfVoNMMKpttIYTVG6uDY7A==",
				"dependencies": {}
			},
			"emoji-regex@8.0.0": {
				"integrity": "sha512-MSjYzcWNOA0ewAHpz0MxpYFvwg6yjy1NG3xteoqz644VCo/RPgnr1/GGt+ic3iJTzQ8Eu3TdM14SawnVUmGE6A==",
				"dependencies": {}
			},
			"esbuild-plugins-node-modules-polyfill@1.6.4_esbuild@0.20.2": {
				"integrity": "sha512-x3MCOvZrKDGAfqAYS/pZUUSwiN+XH7x84A+Prup0CZBJKuGfuGkTAC4g01D6JPs/GCM9wzZVfd8bmiy+cP/iXA==",
				"dependencies": {
					"@jspm/core": "@jspm/core@2.0.1",
					"esbuild": "esbuild@0.20.2",
					"local-pkg": "local-pkg@0.5.0",
					"resolve.exports": "resolve.exports@2.0.2"
				}
			},
			"esbuild@0.20.2": {
				"integrity": "sha512-WdOOppmUNU+IbZ0PaDiTst80zjnrOkyJNHoKupIcVyU8Lvla3Ugx94VzkQ32Ijqd7UhHJy75gNWDMUekcrSJ6g==",
				"dependencies": {
					"@esbuild/aix-ppc64": "@esbuild/aix-ppc64@0.20.2",
					"@esbuild/android-arm": "@esbuild/android-arm@0.20.2",
					"@esbuild/android-arm64": "@esbuild/android-arm64@0.20.2",
					"@esbuild/android-x64": "@esbuild/android-x64@0.20.2",
					"@esbuild/darwin-arm64": "@esbuild/darwin-arm64@0.20.2",
					"@esbuild/darwin-x64": "@esbuild/darwin-x64@0.20.2",
					"@esbuild/freebsd-arm64": "@esbuild/freebsd-arm64@0.20.2",
					"@esbuild/freebsd-x64": "@esbuild/freebsd-x64@0.20.2",
					"@esbuild/linux-arm": "@esbuild/linux-arm@0.20.2",
					"@esbuild/linux-arm64": "@esbuild/linux-arm64@0.20.2",
					"@esbuild/linux-ia32": "@esbuild/linux-ia32@0.20.2",
					"@esbuild/linux-loong64": "@esbuild/linux-loong64@0.20.2",
					"@esbuild/linux-mips64el": "@esbuild/linux-mips64el@0.20.2",
					"@esbuild/linux-ppc64": "@esbuild/linux-ppc64@0.20.2",
					"@esbuild/linux-riscv64": "@esbuild/linux-riscv64@0.20.2",
					"@esbuild/linux-s390x": "@esbuild/linux-s390x@0.20.2",
					"@esbuild/linux-x64": "@esbuild/linux-x64@0.20.2",
					"@esbuild/netbsd-x64": "@esbuild/netbsd-x64@0.20.2",
					"@esbuild/openbsd-x64": "@esbuild/openbsd-x64@0.20.2",
					"@esbuild/sunos-x64": "@esbuild/sunos-x64@0.20.2",
					"@esbuild/win32-arm64": "@esbuild/win32-arm64@0.20.2",
					"@esbuild/win32-ia32": "@esbuild/win32-ia32@0.20.2",
					"@esbuild/win32-x64": "@esbuild/win32-x64@0.20.2"
				}
			},
			"escalade@3.1.2": {
				"integrity": "sha512-ErCHMCae19vR8vQGe50xIsVomy19rg6gFu3+r3jkEO46suLMWBksvVyoGgQV+jOfl84ZSOSlmv6Gxa89PmTGmA==",
				"dependencies": {}
			},
			"fs.realpath@1.0.0": {
				"integrity": "sha512-OO0pH2lK6a0hZnAdau5ItzHPI6pUlvI7jMVnxUQRtw4owF2wk8lOSabtGDCTP4Ggrg2MbGnWO9X8K1t4+fGMDw==",
				"dependencies": {}
			},
			"get-caller-file@2.0.5": {
				"integrity": "sha512-DyFP3BM/3YHTQOCUL/w0OZHR0lpKeGrxotcHWcqNEdnltqFwXVfhEBQ94eIo34AfQpo0rGki4cyIiftY06h2Fg==",
				"dependencies": {}
			},
			"glob@7.2.3": {
				"integrity": "sha512-nFR0zLpU2YCaRxwoCJvL6UvCH2JFyFVIvwTLsIf21AuHlMskA1hhTdk+LlYJtOlYt9v6dvszD2BGRqBL+iQK9Q==",
				"dependencies": {
					"fs.realpath": "fs.realpath@1.0.0",
					"inflight": "inflight@1.0.6",
					"inherits": "inherits@2.0.4",
					"minimatch": "minimatch@3.1.2",
					"once": "once@1.4.0",
					"path-is-absolute": "path-is-absolute@1.0.1"
				}
			},
			"inflight@1.0.6": {
				"integrity": "sha512-k92I/b08q4wvFscXCLvqfsHCrjrF7yiXsQuIVvVE7N82W3+aqpzuUdBbfhWcy/FZR3/4IgflMgKLOsvPDrGCJA==",
				"dependencies": {
					"once": "once@1.4.0",
					"wrappy": "wrappy@1.0.2"
				}
			},
			"inherits@2.0.4": {
				"integrity": "sha512-k/vGaX4/Yla3WzyMCvTQOXYeIHvqOKtnqBduzTHpzpQZzAskKMhZ2K+EnBiSM9zGSoIFeMpXKxa4dYeZIQqewQ==",
				"dependencies": {}
			},
			"is-fullwidth-code-point@3.0.0": {
				"integrity": "sha512-zymm5+u+sCsSWyD9qNaejV3DFvhCKclKdizYaJUuHA83RLjb7nSuGnddCHGv0hk+KY7BMAlsWeK4Ueg6EV6XQg==",
				"dependencies": {}
			},
			"local-pkg@0.5.0": {
				"integrity": "sha512-ok6z3qlYyCDS4ZEU27HaU6x/xZa9Whf8jD4ptH5UZTQYZVYeb9bnZ3ojVhiJNLiXK1Hfc0GNbLXcmZ5plLDDBg==",
				"dependencies": {
					"mlly": "mlly@1.7.1",
					"pkg-types": "pkg-types@1.1.3"
				}
			},
			"make-error@1.3.6": {
				"integrity": "sha512-s8UhlNe7vPKomQhC1qFelMokr/Sc3AgNbso3n74mVPA5LTZwkB9NlXf4XPamLxJE8h0gh73rM94xvwRT2CVInw==",
				"dependencies": {}
			},
			"minimatch@3.1.2": {
				"integrity": "sha512-J7p63hRiAjw1NDEww1W7i37+ByIrOWO5XQQAzZ3VOcL0PNybwpfmV/N05zFAzwQ9USyEcX6t3UO+K5aqBQOIHw==",
				"dependencies": {
					"brace-expansion": "brace-expansion@1.1.11"
				}
			},
			"mlly@1.7.1": {
				"integrity": "sha512-rrVRZRELyQzrIUAVMHxP97kv+G786pHmOKzuFII8zDYahFBS7qnHh2AlYSl1GAHhaMPCz6/oHjVMcfFYgFYHgA==",
				"dependencies": {
					"acorn": "acorn@8.12.1",
					"pathe": "pathe@1.1.2",
					"pkg-types": "pkg-types@1.1.3",
					"ufo": "ufo@1.5.3"
				}
			},
			"once@1.4.0": {
				"integrity": "sha512-lNaJgI+2Q5URQBkccEKHTQOPaXdUxnZZElQTZY0MFUAuaEqe1E+Nyvgdz/aIyNi6Z9MzO5dv1H8n58/GELp3+w==",
				"dependencies": {
					"wrappy": "wrappy@1.0.2"
				}
			},
			"openapi3-ts@4.3.3": {
				"integrity": "sha512-LKkzBGJcZ6wdvkKGMoSvpK+0cbN5Xc3XuYkJskO+vjEQWJgs1kgtyUk0pjf8KwPuysv323Er62F5P17XQl96Qg==",
				"dependencies": {
					"yaml": "yaml@2.4.5"
				}
			},
			"path-equal@1.2.5": {
				"integrity": "sha512-i73IctDr3F2W+bsOWDyyVm/lqsXO47aY9nsFZUjTT/aljSbkxHxxCoyZ9UUrM8jK0JVod+An+rl48RCsvWM+9g==",
				"dependencies": {}
			},
			"path-is-absolute@1.0.1": {
				"integrity": "sha512-AVbw3UJ2e9bq64vSaS9Am0fje1Pa8pbGqTTsmXfaIiMpnr5DlDhfJOuLj9Sf95ZPVDAUerDfEk88MPmPe7UCQg==",
				"dependencies": {}
			},
			"pathe@1.1.2": {
				"integrity": "sha512-whLdWMYL2TwI08hn8/ZqAbrVemu0LNaNNJZX73O6qaIdCTfXutsLhMkjdENX0qhsQ9uIimo4/aQOmXkoon2nDQ==",
				"dependencies": {}
			},
			"pkg-types@1.1.3": {
				"integrity": "sha512-+JrgthZG6m3ckicaOB74TwQ+tBWsFl3qVQg7mN8ulwSOElJ7gBhKzj2VkCPnZ4NlF6kEquYU+RIYNVAvzd54UA==",
				"dependencies": {
					"confbox": "confbox@0.1.7",
					"mlly": "mlly@1.7.1",
					"pathe": "pathe@1.1.2"
				}
			},
			"require-directory@2.1.1": {
				"integrity": "sha512-fGxEI7+wsG9xrvdjsrlmL22OMTTiHRwAMroiEeMgq8gzoLC/PQr7RsRDSTLUg/bZAZtF+TVIkHc6/4RIKrui+Q==",
				"dependencies": {}
			},
			"resolve.exports@2.0.2": {
				"integrity": "sha512-X2UW6Nw3n/aMgDVy+0rSqgHlv39WZAlZrXCdnbyEiKm17DSqHX4MmQMaST3FbeWR5FTuRcUwYAziZajji0Y7mg==",
				"dependencies": {}
			},
			"safe-stable-stringify@2.4.3": {
				"integrity": "sha512-e2bDA2WJT0wxseVd4lsDP4+3ONX6HpMXQa1ZhFQ7SU+GjvORCmShbCMltrtIDfkYhVHrOcPtj+KhmDBdPdZD1g==",
				"dependencies": {}
			},
			"string-width@4.2.3": {
				"integrity": "sha512-wKyQRQpjJ0sIp62ErSZdGsjMJWsap5oRNihHhu6G7JVO/9jIB6UyevL+tXuOqrng8j/cxKTWyWUwvSTriiZz/g==",
				"dependencies": {
					"emoji-regex": "emoji-regex@8.0.0",
					"is-fullwidth-code-point": "is-fullwidth-code-point@3.0.0",
					"strip-ansi": "strip-ansi@6.0.1"
				}
			},
			"strip-ansi@6.0.1": {
				"integrity": "sha512-Y38VPSHcqkFrCpFnQ9vuSXmquuv5oXOKpGeT6aGrr3o3Gc9AlVa6JBfUSOCnbxGGZF+/0ooI7KrPuUSztUdU5A==",
				"dependencies": {
					"ansi-regex": "ansi-regex@5.0.1"
				}
			},
			"ts-node@10.9.2_@types+node@18.16.19_typescript@5.1.6": {
				"integrity": "sha512-f0FFpIdcHgn8zcPSbf1dRevwt047YMnaiJM3u2w2RewrB+fob/zePZcrOyQoLMMO7aBIddLcQIEK5dYjkLnGrQ==",
				"dependencies": {
					"@cspotcode/source-map-support": "@cspotcode/source-map-support@0.8.1",
					"@tsconfig/node10": "@tsconfig/node10@1.0.11",
					"@tsconfig/node12": "@tsconfig/node12@1.0.11",
					"@tsconfig/node14": "@tsconfig/node14@1.0.3",
					"@tsconfig/node16": "@tsconfig/node16@1.0.4",
					"@types/node": "@types/node@18.16.19",
					"acorn": "acorn@8.12.1",
					"acorn-walk": "acorn-walk@8.3.3",
					"arg": "arg@4.1.3",
					"create-require": "create-require@1.1.1",
					"diff": "diff@4.0.2",
					"make-error": "make-error@1.3.6",
					"typescript": "typescript@5.1.6",
					"v8-compile-cache-lib": "v8-compile-cache-lib@3.0.1",
					"yn": "yn@3.1.1"
				}
			},
			"typescript-json-schema@0.62.0_@types+node@18.16.19_typescript@5.1.6": {
				"integrity": "sha512-qRO6pCgyjKJ230QYdOxDRpdQrBeeino4v5p2rYmSD72Jf4rD3O+cJcROv46sQukm46CLWoeusqvBgKpynEv25g==",
				"dependencies": {
					"@types/json-schema": "@types/json-schema@7.0.15",
					"@types/node": "@types/node@16.18.101",
					"glob": "glob@7.2.3",
					"path-equal": "path-equal@1.2.5",
					"safe-stable-stringify": "safe-stable-stringify@2.4.3",
					"ts-node": "ts-node@10.9.2_@types+node@18.16.19_typescript@5.1.6",
					"typescript": "typescript@5.1.6",
					"yargs": "yargs@17.7.2"
				}
			},
			"typescript@5.1.6": {
				"integrity": "sha512-zaWCozRZ6DLEWAWFrVDz1H6FVXzUSfTy5FUMWsQlU8Ym5JP9eO4xkTIROFCQvhQf61z6O/G6ugw3SgAnvvm+HA==",
				"dependencies": {}
			},
			"ufo@1.5.3": {
				"integrity": "sha512-Y7HYmWaFwPUmkoQCUIAYpKqkOf+SbVj/2fJJZ4RJMCfZp0rTGwRbzQD+HghfnhKOjL9E01okqz+ncJskGYfBNw==",
				"dependencies": {}
			},
			"v8-compile-cache-lib@3.0.1": {
				"integrity": "sha512-wa7YjyUGfNZngI/vtK0UHAN+lgDCxBPCylVXGp0zu59Fz5aiGtNXaq3DhIov063MorB+VfufLh3JlF2KdTK3xg==",
				"dependencies": {}
			},
			"wrap-ansi@7.0.0": {
				"integrity": "sha512-YVGIj2kamLSTxw6NsZjoBxfSwsn0ycdesmc4p+Q21c5zPuZ1pl+NfxVdxPtdHvmNVOQ6XSYG4AUtyt/Fi7D16Q==",
				"dependencies": {
					"ansi-styles": "ansi-styles@4.3.0",
					"string-width": "string-width@4.2.3",
					"strip-ansi": "strip-ansi@6.0.1"
				}
			},
			"wrappy@1.0.2": {
				"integrity": "sha512-l4Sp/DRseor9wL6EvV2+TuQn63dMkPjZ/sp9XkghTEbV9KlPS1xUsZ3u7/IQO4wxtcFB4bgpQPRcR3QCvezPcQ==",
				"dependencies": {}
			},
			"y18n@5.0.8": {
				"integrity": "sha512-0pfFzegeDWJHJIAmTLRP2DwHjdF5s7jo9tuztdQxAhINCdvS+3nGINqPd00AphqJR/0LhANUS6/+7SCb98YOfA==",
				"dependencies": {}
			},
			"yaml@2.4.5": {
				"integrity": "sha512-aBx2bnqDzVOyNKfsysjA2ms5ZlnjSAW2eG3/L5G/CSujfjLJTJsEw1bGw8kCf04KodQWk1pxlGnZ56CRxiawmg==",
				"dependencies": {}
			},
			"yargs-parser@21.1.1": {
				"integrity": "sha512-tVpsJW7DdjecAiFpbIB1e3qxIQsE6NoPc5/eTdrbbIC4h0LVsWhnoa3g+m2HclBIujHzsxZ4VJVA+GUuc2/LBw==",
				"dependencies": {}
			},
			"yargs@17.7.2": {
				"integrity": "sha512-7dSzzRQ++CKnNI/krKnYRV7JKKPUXMEh61soaHKg9mrWEhzFWhFnxPxGl+69cD1Ou63C13NUPCnmIcrvqCuM6w==",
				"dependencies": {
					"cliui": "cliui@8.0.1",
					"escalade": "escalade@3.1.2",
					"get-caller-file": "get-caller-file@2.0.5",
					"require-directory": "require-directory@2.1.1",
					"string-width": "string-width@4.2.3",
					"y18n": "y18n@5.0.8",
					"yargs-parser": "yargs-parser@21.1.1"
				}
			},
			"yn@3.1.1": {
				"integrity": "sha512-Ux4ygGWsu2c7isFWe8Yu1YluJmqVhxqK2cLXNQA5AcC3QfbGNpM7fu0Y8b/z16pXLnFxZYvWhd3fhBY9DLmC6Q==",
				"dependencies": {}
			},
			"zod-validation-error@3.3.0_zod@3.23.8": {
				"integrity": "sha512-Syib9oumw1NTqEv4LT0e6U83Td9aVRk9iTXPUQr1otyV1PuXQKOvOwhMNqZIq5hluzHP2pMgnOmHEo7kPdI2mw==",
				"dependencies": {
					"zod": "zod@3.23.8"
				}
			},
			"zod@3.23.8": {
				"integrity": "sha512-XBx9AXhXktjUqnepgTiE5flcKIYWi/rme0Eaj+5Y0lftuGBq+jyRu/md4WnuxqgP1ubdpNCsYEYPxrzVHD8d6g==",
				"dependencies": {}
			}
		}
	},
	"redirects": {
		"https://esm.sh/async-mutex@^0.5.0": "https://esm.sh/async-mutex@0.5.0",
		"https://esm.sh/glob@^10.3.10": "https://esm.sh/glob@10.4.2"
	},
	"remote": {
		"https://deno.land/std@0.208.0/assert/assert.ts": "9a97dad6d98c238938e7540736b826440ad8c1c1e54430ca4c4e623e585607ee",
		"https://deno.land/std@0.208.0/assert/assertion_error.ts": "4d0bde9b374dfbcbe8ac23f54f567b77024fb67dbb1906a852d67fe050d42f56",
		"https://deno.land/std@0.208.0/path/_common/assert_path.ts": "061e4d093d4ba5aebceb2c4da3318bfe3289e868570e9d3a8e327d91c2958946",
		"https://deno.land/std@0.208.0/path/_common/basename.ts": "0d978ff818f339cd3b1d09dc914881f4d15617432ae519c1b8fdc09ff8d3789a",
		"https://deno.land/std@0.208.0/path/_common/common.ts": "9e4233b2eeb50f8b2ae10ecc2108f58583aea6fd3e8907827020282dc2b76143",
		"https://deno.land/std@0.208.0/path/_common/constants.ts": "e49961f6f4f48039c0dfed3c3f93e963ca3d92791c9d478ac5b43183413136e0",
		"https://deno.land/std@0.208.0/path/_common/dirname.ts": "2ba7fb4cc9fafb0f38028f434179579ce61d4d9e51296fad22b701c3d3cd7397",
		"https://deno.land/std@0.208.0/path/_common/format.ts": "11aa62e316dfbf22c126917f5e03ea5fe2ee707386555a8f513d27ad5756cf96",
		"https://deno.land/std@0.208.0/path/_common/from_file_url.ts": "ef1bf3197d2efbf0297a2bdbf3a61d804b18f2bcce45548ae112313ec5be3c22",
		"https://deno.land/std@0.208.0/path/_common/glob_to_reg_exp.ts": "5c3c2b79fc2294ec803d102bd9855c451c150021f452046312819fbb6d4dc156",
		"https://deno.land/std@0.208.0/path/_common/normalize.ts": "2ba7fb4cc9fafb0f38028f434179579ce61d4d9e51296fad22b701c3d3cd7397",
		"https://deno.land/std@0.208.0/path/_common/normalize_string.ts": "88c472f28ae49525f9fe82de8c8816d93442d46a30d6bb5063b07ff8a89ff589",
		"https://deno.land/std@0.208.0/path/_common/relative.ts": "1af19d787a2a84b8c534cc487424fe101f614982ae4851382c978ab2216186b4",
		"https://deno.land/std@0.208.0/path/_common/strip_trailing_separators.ts": "7ffc7c287e97bdeeee31b155828686967f222cd73f9e5780bfe7dfb1b58c6c65",
		"https://deno.land/std@0.208.0/path/_common/to_file_url.ts": "a8cdd1633bc9175b7eebd3613266d7c0b6ae0fb0cff24120b6092ac31662f9ae",
		"https://deno.land/std@0.208.0/path/_interface.ts": "6471159dfbbc357e03882c2266d21ef9afdb1e4aa771b0545e90db58a0ba314b",
		"https://deno.land/std@0.208.0/path/_os.ts": "30b0c2875f360c9296dbe6b7f2d528f0f9c741cecad2e97f803f5219e91b40a2",
		"https://deno.land/std@0.208.0/path/basename.ts": "04bb5ef3e86bba8a35603b8f3b69537112cdd19ce64b77f2522006da2977a5f3",
		"https://deno.land/std@0.208.0/path/common.ts": "f4d061c7d0b95a65c2a1a52439edec393e906b40f1caf4604c389fae7caa80f5",
		"https://deno.land/std@0.208.0/path/dirname.ts": "88a0a71c21debafc4da7a4cd44fd32e899462df458fbca152390887d41c40361",
		"https://deno.land/std@0.208.0/path/extname.ts": "2da4e2490f3b48b7121d19fb4c91681a5e11bd6bd99df4f6f47d7a71bb6ecdf2",
		"https://deno.land/std@0.208.0/path/format.ts": "3457530cc85d1b4bab175f9ae73998b34fd456c830d01883169af0681b8894fb",
		"https://deno.land/std@0.208.0/path/from_file_url.ts": "e7fa233ea1dff9641e8d566153a24d95010110185a6f418dd2e32320926043f8",
		"https://deno.land/std@0.208.0/path/glob_to_regexp.ts": "74d7448c471e293d03f05ccb968df4365fed6aaa508506b6325a8efdc01d8271",
		"https://deno.land/std@0.208.0/path/is_absolute.ts": "67232b41b860571c5b7537f4954c88d86ae2ba45e883ee37d3dec27b74909d13",
		"https://deno.land/std@0.208.0/path/is_glob.ts": "567dce5c6656bdedfc6b3ee6c0833e1e4db2b8dff6e62148e94a917f289c06ad",
		"https://deno.land/std@0.208.0/path/join.ts": "98d3d76c819af4a11a81d5ba2dbb319f1ce9d63fc2b615597d4bcfddd4a89a09",
		"https://deno.land/std@0.208.0/path/join_globs.ts": "9b84d5103b63d3dbed4b2cf8b12477b2ad415c7d343f1488505162dc0e5f4db8",
		"https://deno.land/std@0.208.0/path/mod.ts": "3defabebc98279e62b392fee7a6937adc932a8f4dcd2471441e36c15b97b00e0",
		"https://deno.land/std@0.208.0/path/normalize.ts": "aa95be9a92c7bd4f9dc0ba51e942a1973e2b93d266cd74f5ca751c136d520b66",
		"https://deno.land/std@0.208.0/path/normalize_glob.ts": "674baa82e1c00b6cb153bbca36e06f8e0337cb8062db6d905ab5de16076ca46b",
		"https://deno.land/std@0.208.0/path/parse.ts": "d87ff0deef3fb495bc0d862278ff96da5a06acf0625ca27769fc52ac0d3d6ece",
		"https://deno.land/std@0.208.0/path/posix/_util.ts": "ecf49560fedd7dd376c6156cc5565cad97c1abe9824f4417adebc7acc36c93e5",
		"https://deno.land/std@0.208.0/path/posix/basename.ts": "a630aeb8fd8e27356b1823b9dedd505e30085015407caa3396332752f6b8406a",
		"https://deno.land/std@0.208.0/path/posix/common.ts": "e781d395dc76f6282e3f7dd8de13194abb8b04a82d109593141abc6e95755c8b",
		"https://deno.land/std@0.208.0/path/posix/dirname.ts": "f48c9c42cc670803b505478b7ef162c7cfa9d8e751b59d278b2ec59470531472",
		"https://deno.land/std@0.208.0/path/posix/extname.ts": "ee7f6571a9c0a37f9218fbf510c440d1685a7c13082c348d701396cc795e0be0",
		"https://deno.land/std@0.208.0/path/posix/format.ts": "b94876f77e61bfe1f147d5ccb46a920636cd3cef8be43df330f0052b03875968",
		"https://deno.land/std@0.208.0/path/posix/from_file_url.ts": "b97287a83e6407ac27bdf3ab621db3fccbf1c27df0a1b1f20e1e1b5acf38a379",
		"https://deno.land/std@0.208.0/path/posix/glob_to_regexp.ts": "6ed00c71fbfe0ccc35977c35444f94e82200b721905a60bd1278b1b768d68b1a",
		"https://deno.land/std@0.208.0/path/posix/is_absolute.ts": "159900a3422d11069d48395568217eb7fc105ceda2683d03d9b7c0f0769e01b8",
		"https://deno.land/std@0.208.0/path/posix/is_glob.ts": "ec4fbc604b9db8487f7b56ab0e759b24a971ab6a45f7b0b698bc39b8b9f9680f",
		"https://deno.land/std@0.208.0/path/posix/join.ts": "0c0d84bdc344876930126640011ec1b888e6facf74153ffad9ef26813aa2a076",
		"https://deno.land/std@0.208.0/path/posix/join_globs.ts": "f4838d54b1f60a34a40625a3293f6e583135348be1b2974341ac04743cb26121",
		"https://deno.land/std@0.208.0/path/posix/mod.ts": "f1b08a7f64294b7de87fc37190d63b6ce5b02889af9290c9703afe01951360ae",
		"https://deno.land/std@0.208.0/path/posix/normalize.ts": "11de90a94ab7148cc46e5a288f7d732aade1d616bc8c862f5560fa18ff987b4b",
		"https://deno.land/std@0.208.0/path/posix/normalize_glob.ts": "10a1840c628ebbab679254d5fa1c20e59106102354fb648a1765aed72eb9f3f9",
		"https://deno.land/std@0.208.0/path/posix/parse.ts": "199208f373dd93a792e9c585352bfc73a6293411bed6da6d3bc4f4ef90b04c8e",
		"https://deno.land/std@0.208.0/path/posix/relative.ts": "e2f230608b0f083e6deaa06e063943e5accb3320c28aef8d87528fbb7fe6504c",
		"https://deno.land/std@0.208.0/path/posix/resolve.ts": "51579d83159d5c719518c9ae50812a63959bbcb7561d79acbdb2c3682236e285",
		"https://deno.land/std@0.208.0/path/posix/separator.ts": "0b6573b5f3269a3164d8edc9cefc33a02dd51003731c561008c8bb60220ebac1",
		"https://deno.land/std@0.208.0/path/posix/to_file_url.ts": "08d43ea839ee75e9b8b1538376cfe95911070a655cd312bc9a00f88ef14967b6",
		"https://deno.land/std@0.208.0/path/posix/to_namespaced_path.ts": "c9228a0e74fd37e76622cd7b142b8416663a9b87db643302fa0926b5a5c83bdc",
		"https://deno.land/std@0.208.0/path/relative.ts": "23d45ede8b7ac464a8299663a43488aad6b561414e7cbbe4790775590db6349c",
		"https://deno.land/std@0.208.0/path/resolve.ts": "5b184efc87155a0af9fa305ff68a109e28de9aee81fc3e77cd01380f19daf867",
		"https://deno.land/std@0.208.0/path/separator.ts": "40a3e9a4ad10bef23bc2cd6c610291b6c502a06237c2c4cd034a15ca78dedc1f",
		"https://deno.land/std@0.208.0/path/to_file_url.ts": "edaafa089e0bce386e1b2d47afe7c72e379ff93b28a5829a5885e4b6c626d864",
		"https://deno.land/std@0.208.0/path/to_namespaced_path.ts": "cf8734848aac3c7527d1689d2adf82132b1618eff3cc523a775068847416b22a",
		"https://deno.land/std@0.208.0/path/windows/_util.ts": "f32b9444554c8863b9b4814025c700492a2b57ff2369d015360970a1b1099d54",
		"https://deno.land/std@0.208.0/path/windows/basename.ts": "8a9dbf7353d50afbc5b221af36c02a72c2d1b2b5b9f7c65bf6a5a2a0baf88ad3",
		"https://deno.land/std@0.208.0/path/windows/common.ts": "e781d395dc76f6282e3f7dd8de13194abb8b04a82d109593141abc6e95755c8b",
		"https://deno.land/std@0.208.0/path/windows/dirname.ts": "5c2aa541384bf0bd9aca821275d2a8690e8238fa846198ef5c7515ce31a01a94",
		"https://deno.land/std@0.208.0/path/windows/extname.ts": "07f4fa1b40d06a827446b3e3bcc8d619c5546b079b8ed0c77040bbef716c7614",
		"https://deno.land/std@0.208.0/path/windows/format.ts": "343019130d78f172a5c49fdc7e64686a7faf41553268961e7b6c92a6d6548edf",
		"https://deno.land/std@0.208.0/path/windows/from_file_url.ts": "d53335c12b0725893d768be3ac6bf0112cc5b639d2deb0171b35988493b46199",
		"https://deno.land/std@0.208.0/path/windows/glob_to_regexp.ts": "290755e18ec6c1a4f4d711c3390537358e8e3179581e66261a0cf348b1a13395",
		"https://deno.land/std@0.208.0/path/windows/is_absolute.ts": "245b56b5f355ede8664bd7f080c910a97e2169972d23075554ae14d73722c53c",
		"https://deno.land/std@0.208.0/path/windows/is_glob.ts": "ec4fbc604b9db8487f7b56ab0e759b24a971ab6a45f7b0b698bc39b8b9f9680f",
		"https://deno.land/std@0.208.0/path/windows/join.ts": "e6600bf88edeeef4e2276e155b8de1d5dec0435fd526ba2dc4d37986b2882f16",
		"https://deno.land/std@0.208.0/path/windows/join_globs.ts": "f4838d54b1f60a34a40625a3293f6e583135348be1b2974341ac04743cb26121",
		"https://deno.land/std@0.208.0/path/windows/mod.ts": "d7040f461465c2c21c1c68fc988ef0bdddd499912138cde3abf6ad60c7fb3814",
		"https://deno.land/std@0.208.0/path/windows/normalize.ts": "9deebbf40c81ef540b7b945d4ccd7a6a2c5a5992f791e6d3377043031e164e69",
		"https://deno.land/std@0.208.0/path/windows/normalize_glob.ts": "344ff5ed45430495b9a3d695567291e50e00b1b3b04ea56712a2acf07ab5c128",
		"https://deno.land/std@0.208.0/path/windows/parse.ts": "120faf778fe1f22056f33ded069b68e12447668fcfa19540c0129561428d3ae5",
		"https://deno.land/std@0.208.0/path/windows/relative.ts": "026855cd2c36c8f28f1df3c6fbd8f2449a2aa21f48797a74700c5d872b86d649",
		"https://deno.land/std@0.208.0/path/windows/resolve.ts": "5ff441ab18a2346abadf778121128ee71bda4d0898513d4639a6ca04edca366b",
		"https://deno.land/std@0.208.0/path/windows/separator.ts": "ae21f27015f10510ed1ac4a0ba9c4c9c967cbdd9d9e776a3e4967553c397bd5d",
		"https://deno.land/std@0.208.0/path/windows/to_file_url.ts": "8e9ea9e1ff364aa06fa72999204229952d0a279dbb876b7b838b2b2fea55cce3",
		"https://deno.land/std@0.208.0/path/windows/to_namespaced_path.ts": "e0f4d4a5e77f28a5708c1a33ff24360f35637ba6d8f103d19661255ef7bfd50d",
		"https://esm.sh/async-mutex@0.5.0": "1150e9d6990a5ff6660392d3dba434d155df248f6b2b4db68dd3f85243ac6646",
		"https://esm.sh/glob@10.4.2": "87e2161fb276f620720ac1b4c553f112231b4f06b5517b2f50b46497b25898b8",
		"https://esm.sh/v135/async-mutex@0.5.0/denonext/async-mutex.mjs": "a7de09b312301c0a37b4c47fa3c90c168e653b647b54782ff4aca01611aa7572",
		"https://esm.sh/v135/balanced-match@1.0.2/denonext/balanced-match.mjs": "b2f9737a6fb330aedd4a444eb85ba127d757c49032a528400fc0e2efb70ddca3",
		"https://esm.sh/v135/brace-expansion@2.0.1/denonext/brace-expansion.mjs": "18893e6a2635096f5baf0f5f1f27279bc5d6c85d01cf73e56c638209458945db",
		"https://esm.sh/v135/glob@10.4.2/denonext/glob.mjs": "95fe1f288d28a470d8d4d2869dc31d510eccdd38d764eaa7a58887b6be83dd15",
		"https://esm.sh/v135/lru-cache@10.2.2/denonext/lru-cache.mjs": "f7234fd467daefbdde676c26248bc381b91aa1d78274790f757ed2983e7793de",
		"https://esm.sh/v135/minimatch@9.0.4/denonext/minimatch.mjs": "a0a8cd813c02a5d2c9e0e8990e704cfc7ec0ed19014dfeb3aa178bcc3e6b7e97",
		"https://esm.sh/v135/minipass@7.1.0/denonext/minipass.mjs": "561f3033493ee06a89d8cda3db4095e0dde00d0d9028647850416da18b55f653",
		"https://esm.sh/v135/minipass@7.1.2/denonext/minipass.mjs": "dc0fdb914af1921d8057d3e198dc39364e839710a185b3a8f07ee20a5febc3e5",
		"https://esm.sh/v135/path-scurry@1.11.1/denonext/path-scurry.mjs": "38cc86b3c81c9f3ee8c63b33df92193878beb10bfef12b9fb0eab3de6bc40bd7"
	},
	"workspace": {
		"dependencies": ["npm:@cloudflare/workers-types"]
	}
}
